
Microsoft Visual Studio Solution File, Format Version 12.00
# Visual Studio Version 17
VisualStudioVersion = 17.0.31912.275
MinimumVisualStudioVersion = 10.0.40219.1
Project("{2150E333-8FDC-42A3-9474-1A3956D46DE8}") = "src", "src", "{7140F6EA-76D0-4E98-963A-D023B6EF6B3E}"
EndProject
Project("{9A19103F-16F7-4668-BE54-9A1E7A4F7556}") = "Afdian.Sdk", "src\Afdian.Sdk\Afdian.Sdk.csproj", "{BABCF3E4-CA4E-4F8C-B710-A00821797824}"
EndProject
Project("{FAE04EC0-301F-11D3-BF4B-00C04F79EFBC}") = "Afdian.Server", "src\Afdian.Server\Afdian.Server.csproj", "{995537B2-B4DF-4441-8049-91690C81EF53}"
EndProject
Global
	GlobalSection(SolutionConfigurationPlatforms) = preSolution
		Debug|Any CPU = Debug|Any CPU
		Release|Any CPU = Release|Any CPU
	EndGlobalSection
	GlobalSection(ProjectConfigurationPlatforms) = postSolution
		{BABCF3E4-CA4E-4F8C-B710-A00821797824}.Debug|Any CPU.ActiveCfg = Debug|Any CPU
		{BABCF3E4-CA4E-4F8C-B710-A00821797824}.Debug|Any CPU.Build.0 = Debug|Any CPU
		{BABCF3E4-CA4E-4F8C-B710-A00821797824}.Release|Any CPU.ActiveCfg = Release|Any CPU
		{BABCF3E4-CA4E-4F8C-B710-A00821797824}.Release|Any CPU.Build.0 = Release|Any CPU
		{995537B2-B4DF-4441-8049-91690C81EF53}.Debug|Any CPU.ActiveCfg = Debug|Any CPU
		{995537B2-B4DF-4441-8049-91690C81EF53}.Debug|Any CPU.Build.0 = Debug|Any CPU
		{995537B2-B4DF-4441-8049-91690C81EF53}.Release|Any CPU.ActiveCfg = Release|Any CPU
		{995537B2-B4DF-4441-8049-91690C81EF53}.Release|Any CPU.Build.0 = Release|Any CPU
	EndGlobalSection
	GlobalSection(SolutionProperties) = preSolution
		HideSolutionNode = FALSE
	EndGlobalSection
	GlobalSection(NestedProjects) = preSolution
		{BABCF3E4-CA4E-4F8C-B710-A00821797824} = {7140F6EA-76D0-4E98-963A-D023B6EF6B3E}
		{995537B2-B4DF-4441-8049-91690C81EF53} = {7140F6EA-76D0-4E98-963A-D023B6EF6B3E}
	EndGlobalSection
	GlobalSection(ExtensibilityGlobals) = postSolution
		SolutionGuid = {6B1CD4B1-B121-4B96-A12D-23B2136CDB78}
	EndGlobalSection
EndGlobal
